
Microsoft Visual Studio Solution File, Format Version 12.00
# Visual Studio 15
VisualStudioVersion = 15.0.27004.2009
MinimumVisualStudioVersion = 10.0.40219.1
Project("{FAE04EC0-301F-11D3-BF4B-00C04F79EFBC}") = "SAPConnectorLibrary", "SAPConnectorLibrary\SAPConnectorLibrary.csproj", "{788C20B2-ABC1-46DD-B9BB-386D56715E04}"
EndProject
Global
	GlobalSection(SolutionConfigurationPlatforms) = preSolution
		Debug|Any CPU = Debug|Any CPU
		Debug|ARM = Debug|ARM
		Debug|x64 = Debug|x64
		Debug|x86 = Debug|x86
		Release|Any CPU = Release|Any CPU
		Release|ARM = Release|ARM
		Release|x64 = Release|x64
		Release|x86 = Release|x86
	EndGlobalSection
	GlobalSection(ProjectConfigurationPlatforms) = postSolution
		{788C20B2-ABC1-46DD-B9BB-386D56715E04}.Debug|Any CPU.ActiveCfg = Debug|Any CPU
		{788C20B2-ABC1-46DD-B9BB-386D56715E04}.Debug|Any CPU.Build.0 = Debug|Any CPU
		{788C20B2-ABC1-46DD-B9BB-386D56715E04}.Debug|ARM.ActiveCfg = Debug|Any CPU
		{788C20B2-ABC1-46DD-B9BB-386D56715E04}.Debug|ARM.Build.0 = Debug|Any CPU
		{788C20B2-ABC1-46DD-B9BB-386D56715E04}.Debug|x64.ActiveCfg = Debug|Any CPU
		{788C20B2-ABC1-46DD-B9BB-386D56715E04}.Debug|x64.Build.0 = Debug|Any CPU
		{788C20B2-ABC1-46DD-B9BB-386D56715E04}.Debug|x86.ActiveCfg = Debug|Any CPU
		{788C20B2-ABC1-46DD-B9BB-386D56715E04}.Debug|x86.Build.0 = Debug|Any CPU
		{788C20B2-ABC1-46DD-B9BB-386D56715E04}.Release|Any CPU.ActiveCfg = Release|Any CPU
		{788C20B2-ABC1-46DD-B9BB-386D56715E04}.Release|Any CPU.Build.0 = Release|Any CPU
		{788C20B2-ABC1-46DD-B9BB-386D56715E04}.Release|ARM.ActiveCfg = Release|Any CPU
		{788C20B2-ABC1-46DD-B9BB-386D56715E04}.Release|ARM.Build.0 = Release|Any CPU
		{788C20B2-ABC1-46DD-B9BB-386D56715E04}.Release|x64.ActiveCfg = Release|Any CPU
		{788C20B2-ABC1-46DD-B9BB-386D56715E04}.Release|x64.Build.0 = Release|Any CPU
		{788C20B2-ABC1-46DD-B9BB-386D56715E04}.Release|x86.ActiveCfg = Release|Any CPU
		{788C20B2-ABC1-46DD-B9BB-386D56715E04}.Release|x86.Build.0 = Release|Any CPU
	EndGlobalSection
	GlobalSection(SolutionProperties) = preSolution
		HideSolutionNode = FALSE
	EndGlobalSection
	GlobalSection(ExtensibilityGlobals) = postSolution
		SolutionGuid = {4BEB82A2-9436-478E-8982-CDB989F4D20D}
	EndGlobalSection
EndGlobal
